
Microsoft Visual Studio Solution File, Format Version 12.00
# Visual Studio Version 17
VisualStudioVersion = 17.4.33110.190
MinimumVisualStudioVersion = 10.0.40219.1
Project("{FAE04EC0-301F-11D3-BF4B-00C04F79EFBC}") = "ExpressionCalc", "ExpressionCalc\ExpressionCalc.csproj", "{E415C643-13EF-47A8-A9CD-87F1B25AF8A2}"
EndProject
Project("{FAE04EC0-301F-11D3-BF4B-00C04F79EFBC}") = "ExpressionCalcTests", "ExpressionCalcTests\ExpressionCalcTests.csproj", "{8A4CE653-9DD1-44A3-9CCB-3B5891803517}"
EndProject
Project("{FAE04EC0-301F-11D3-BF4B-00C04F79EFBC}") = "ExpressionCalcCons", "ExpressionCalcCons\ExpressionCalcCons.csproj", "{B0FBAEB9-F185-409C-ADBA-8AB29606937D}"
EndProject
Global
	GlobalSection(SolutionConfigurationPlatforms) = preSolution
		Debug|Any CPU = Debug|Any CPU
		Release|Any CPU = Release|Any CPU
	EndGlobalSection
	GlobalSection(ProjectConfigurationPlatforms) = postSolution
		{E415C643-13EF-47A8-A9CD-87F1B25AF8A2}.Debug|Any CPU.ActiveCfg = Debug|Any CPU
		{E415C643-13EF-47A8-A9CD-87F1B25AF8A2}.Debug|Any CPU.Build.0 = Debug|Any CPU
		{E415C643-13EF-47A8-A9CD-87F1B25AF8A2}.Release|Any CPU.ActiveCfg = Release|Any CPU
		{E415C643-13EF-47A8-A9CD-87F1B25AF8A2}.Release|Any CPU.Build.0 = Release|Any CPU
		{8A4CE653-9DD1-44A3-9CCB-3B5891803517}.Debug|Any CPU.ActiveCfg = Debug|Any CPU
		{8A4CE653-9DD1-44A3-9CCB-3B5891803517}.Debug|Any CPU.Build.0 = Debug|Any CPU
		{8A4CE653-9DD1-44A3-9CCB-3B5891803517}.Release|Any CPU.ActiveCfg = Release|Any CPU
		{8A4CE653-9DD1-44A3-9CCB-3B5891803517}.Release|Any CPU.Build.0 = Release|Any CPU
		{B0FBAEB9-F185-409C-ADBA-8AB29606937D}.Debug|Any CPU.ActiveCfg = Debug|Any CPU
		{B0FBAEB9-F185-409C-ADBA-8AB29606937D}.Debug|Any CPU.Build.0 = Debug|Any CPU
		{B0FBAEB9-F185-409C-ADBA-8AB29606937D}.Release|Any CPU.ActiveCfg = Release|Any CPU
		{B0FBAEB9-F185-409C-ADBA-8AB29606937D}.Release|Any CPU.Build.0 = Release|Any CPU
	EndGlobalSection
	GlobalSection(SolutionProperties) = preSolution
		HideSolutionNode = FALSE
	EndGlobalSection
	GlobalSection(ExtensibilityGlobals) = postSolution
		SolutionGuid = {1D6B5A2B-B04D-484D-9D8A-00949F222E73}
	EndGlobalSection
EndGlobal
